
Microsoft Visual Studio Solution File, Format Version 12.00
# Visual Studio Version 16
VisualStudioVersion = 16.0.29102.190
MinimumVisualStudioVersion = 10.0.40219.1
Project("{FAE04EC0-301F-11D3-BF4B-00C04F79EFBC}") = "test", "test\test.csproj", "{A25267D4-25A8-4165-999A-CB05AEBE95AB}"
EndProject
Project("{FAE04EC0-301F-11D3-BF4B-00C04F79EFBC}") = "testLibrary", "testLibrary\testLibrary.csproj", "{4B6452C9-7C71-4D20-AD7D-E26DE6BECC0D}"
EndProject
Global
	GlobalSection(SolutionConfigurationPlatforms) = preSolution
		Debug|Any CPU = Debug|Any CPU
		Release|Any CPU = Release|Any CPU
	EndGlobalSection
	GlobalSection(ProjectConfigurationPlatforms) = postSolution
		{A25267D4-25A8-4165-999A-CB05AEBE95AB}.Debug|Any CPU.ActiveCfg = Debug|Any CPU
		{A25267D4-25A8-4165-999A-CB05AEBE95AB}.Debug|Any CPU.Build.0 = Debug|Any CPU
		{A25267D4-25A8-4165-999A-CB05AEBE95AB}.Release|Any CPU.ActiveCfg = Release|Any CPU
		{A25267D4-25A8-4165-999A-CB05AEBE95AB}.Release|Any CPU.Build.0 = Release|Any CPU
		{4B6452C9-7C71-4D20-AD7D-E26DE6BECC0D}.Debug|Any CPU.ActiveCfg = Debug|Any CPU
		{4B6452C9-7C71-4D20-AD7D-E26DE6BECC0D}.Debug|Any CPU.Build.0 = Debug|Any CPU
		{4B6452C9-7C71-4D20-AD7D-E26DE6BECC0D}.Release|Any CPU.ActiveCfg = Release|Any CPU
		{4B6452C9-7C71-4D20-AD7D-E26DE6BECC0D}.Release|Any CPU.Build.0 = Release|Any CPU
	EndGlobalSection
	GlobalSection(SolutionProperties) = preSolution
		HideSolutionNode = FALSE
	EndGlobalSection
	GlobalSection(ExtensibilityGlobals) = postSolution
		SolutionGuid = {A7C8B449-8E03-480F-BF08-F6A80988E5CE}
	EndGlobalSection
EndGlobal
